{
  "nodes": {
    "flake-compat": {
      "locked": {
        "lastModified": 1747046372,
        "narHash": "sha256-CIVLLkVgvHYbgI2UpXvIIBJ12HWgX+fjA8Xf8PUmqCY=",
        "owner": "edolstra",
        "repo": "flake-compat",
        "rev": "9100a0f413b0c601e0533d1d94ffd501ce2e7885",
        "type": "github"
      },
      "original": {
        "owner": "edolstra",
        "repo": "flake-compat",
        "type": "github"
      }
    },
    "flake-parts": {
      "inputs": {
        "nixpkgs-lib": "nixpkgs-lib"
      },
      "locked": {
        "lastModified": 1743550720,
        "narHash": "sha256-hIshGgKZCgWh6AYJpJmRgFdR3WUbkY04o82X05xqQiY=",
        "owner": "hercules-ci",
        "repo": "flake-parts",
        "rev": "c621e8422220273271f52058f618c94e405bb0f5",
        "type": "github"
      },
      "original": {
        "owner": "hercules-ci",
        "repo": "flake-parts",
        "type": "github"
      }
    },
    "nixpkgs": {
      "locked": {
        "lastModified": 1747744144,
        "narHash": "sha256-W7lqHp0qZiENCDwUZ5EX/lNhxjMdNapFnbErcbnP11Q=",
        "owner": "NixOS",
        "repo": "nixpkgs",
        "rev": "2795c506fe8fb7b03c36ccb51f75b6df0ab2553f",
        "type": "github"
      },
      "original": {
        "owner": "NixOS",
        "ref": "nixos-unstable",
        "repo": "nixpkgs",
        "type": "github"
      }
    },
    "nixpkgs-lib": {
      "locked": {
        "lastModified": 1743296961,
        "narHash": "sha256-b1EdN3cULCqtorQ4QeWgLMrd5ZGOjLSLemfa00heasc=",
        "owner": "nix-community",
        "repo": "nixpkgs.lib",
        "rev": "e4822aea2a6d1cdd36653c134cacfd64c97ff4fa",
        "type": "github"
      },
      "original": {
        "owner": "nix-community",
        "repo": "nixpkgs.lib",
        "type": "github"
      }
    },
    "nur": {
      "inputs": {
        "flake-parts": [
          "flake-parts"
        ],
        "nixpkgs": [
          "nixpkgs"
        ],
        "treefmt-nix": [
          "treefmt-nix"
        ]
      },
      "locked": {
        "lastModified": 1747971053,
        "narHash": "sha256-g4ZVocRwYZCdzbUMJiJ3vorV0hl7du4kyDwFrUO+unk=",
        "owner": "nix-community",
        "repo": "NUR",
        "rev": "283ef192c9a801173f08786a06e86a2cebb4674e",
        "type": "github"
      },
      "original": {
        "owner": "nix-community",
        "repo": "NUR",
        "type": "github"
      }
    },
    "process-compose-flake": {
      "locked": {
        "lastModified": 1740324671,
        "narHash": "sha256-djc+wRG9L70jlW95Ck4GKr7nTPp1drfsXshJkYZAd9s=",
        "owner": "Platonic-Systems",
        "repo": "process-compose-flake",
        "rev": "2a17e49b8a5d32278ed77e4a881f992472be18a1",
        "type": "github"
      },
      "original": {
        "owner": "Platonic-Systems",
        "repo": "process-compose-flake",
        "type": "github"
      }
    },
    "root": {
      "inputs": {
        "flake-compat": "flake-compat",
        "flake-parts": "flake-parts",
        "nixpkgs": "nixpkgs",
        "nur": "nur",
        "process-compose-flake": "process-compose-flake",
        "services-flake": "services-flake",
        "treefmt-nix": "treefmt-nix"
      }
    },
    "services-flake": {
      "locked": {
        "lastModified": 1747528966,
        "narHash": "sha256-lM1EdpLx+7MTpDB3lYk8iwV1oGS7S1F3jxMN5cZfPBE=",
        "owner": "juspay",
        "repo": "services-flake",
        "rev": "8bc6dff1c0d82842b28e3906ac4645a3c3a49dbe",
        "type": "github"
      },
      "original": {
        "owner": "juspay",
        "repo": "services-flake",
        "type": "github"
      }
    },
    "treefmt-nix": {
      "inputs": {
        "nixpkgs": [
          "nixpkgs"
        ]
      },
      "locked": {
        "lastModified": 1747912973,
        "narHash": "sha256-XgxghfND8TDypxsMTPU2GQdtBEsHTEc3qWE6RVEk8O0=",
        "owner": "numtide",
        "repo": "treefmt-nix",
        "rev": "020cb423808365fa3f10ff4cb8c0a25df35065a3",
        "type": "github"
      },
      "original": {
        "owner": "numtide",
        "repo": "treefmt-nix",
        "type": "github"
      }
    }
  },
  "root": "root",
  "version": 7
}
